
Microsoft Visual Studio Solution File, Format Version 12.00
# Visual Studio Version 17
VisualStudioVersion = 17.14.36414.22 d17.14
MinimumVisualStudioVersion = 10.0.40219.1
Project("{FAE04EC0-301F-11D3-BF4B-00C04F79EFBC}") = "TallyMCP", "TallyMCP.csproj", "{4ADF28A5-040F-47E3-B6E4-2C9979F7FE76}"
EndProject
Project("{FAE04EC0-301F-11D3-BF4B-00C04F79EFBC}") = "TallyMCP.Tests", "TallyMCP.Tests\TallyMCP.Tests.csproj", "{C2782213-9413-439E-B5A5-CB852504EFDC}"
EndProject
Global
	GlobalSection(SolutionConfigurationPlatforms) = preSolution
		Debug|Any CPU = Debug|Any CPU
		Release|Any CPU = Release|Any CPU
	EndGlobalSection
	GlobalSection(ProjectConfigurationPlatforms) = postSolution
		{4ADF28A5-040F-47E3-B6E4-2C9979F7FE76}.Debug|Any CPU.ActiveCfg = Debug|Any CPU
		{4ADF28A5-040F-47E3-B6E4-2C9979F7FE76}.Debug|Any CPU.Build.0 = Debug|Any CPU
		{4ADF28A5-040F-47E3-B6E4-2C9979F7FE76}.Release|Any CPU.ActiveCfg = Release|Any CPU
		{4ADF28A5-040F-47E3-B6E4-2C9979F7FE76}.Release|Any CPU.Build.0 = Release|Any CPU
		{C2782213-9413-439E-B5A5-CB852504EFDC}.Debug|Any CPU.ActiveCfg = Debug|Any CPU
		{C2782213-9413-439E-B5A5-CB852504EFDC}.Debug|Any CPU.Build.0 = Debug|Any CPU
		{C2782213-9413-439E-B5A5-CB852504EFDC}.Release|Any CPU.ActiveCfg = Release|Any CPU
		{C2782213-9413-439E-B5A5-CB852504EFDC}.Release|Any CPU.Build.0 = Release|Any CPU
	EndGlobalSection
	GlobalSection(SolutionProperties) = preSolution
		HideSolutionNode = FALSE
	EndGlobalSection
	GlobalSection(ExtensibilityGlobals) = postSolution
		SolutionGuid = {D37695FB-F5A9-46F4-B9CE-4842D53A7F54}
	EndGlobalSection
EndGlobal
